
Microsoft Visual Studio Solution File, Format Version 12.00
# Visual Studio Version 17
VisualStudioVersion = 17.11.35222.181
MinimumVisualStudioVersion = 10.0.40219.1
Project("{2150E333-8FDC-42A3-9474-1A3956D46DE8}") = "Services", "Services", "{1F77EB96-E457-40EC-A310-8C5B128AE0D9}"
EndProject
Project("{2150E333-8FDC-42A3-9474-1A3956D46DE8}") = "FrontEnd", "FrontEnd", "{0ECFCDE4-7D20-42A3-98B2-749347222E93}"
EndProject
Project("{2150E333-8FDC-42A3-9474-1A3956D46DE8}") = "Gateway", "Gateway", "{0908E26F-163B-49B4-978D-F4A9D41FC005}"
EndProject
Project("{2150E333-8FDC-42A3-9474-1A3956D46DE8}") = "Integration", "Integration", "{DB3D525E-4856-4615-B0F1-BDB5F52DD5BD}"
EndProject
Project("{9A19103F-16F7-4668-BE54-9A1E7A4F7556}") = "MTOGO.Services.DeliveryAPI", "MTOGO.Services.DeliveryAPI\MTOGO.Services.DeliveryAPI.csproj", "{93F377D4-4971-489A-B4CA-7196638A2344}"
EndProject
Project("{9A19103F-16F7-4668-BE54-9A1E7A4F7556}") = "MTOGO.Services.OrderAPI", "MTOGO.Services.OrderAPI\MTOGO.Services.OrderAPI.csproj", "{3D52AB4F-7C08-4249-8458-FC4BBADF51C7}"
EndProject
Project("{9A19103F-16F7-4668-BE54-9A1E7A4F7556}") = "MTOGO.Services.PaymentAPI", "MTOGO.Services.PaymentAPI\MTOGO.Services.PaymentAPI.csproj", "{00DEA363-FC10-4F4A-AF71-559117E1E598}"
EndProject
Project("{9A19103F-16F7-4668-BE54-9A1E7A4F7556}") = "MTOGO.Services.RestaurantAPI", "MTOGO.Services.RestaurantAPI\MTOGO.Services.RestaurantAPI.csproj", "{B959F9C2-5A07-48C1-A990-8FDAA16E564F}"
EndProject
Project("{9A19103F-16F7-4668-BE54-9A1E7A4F7556}") = "MTOGO.Services.EmailAPI", "MTOGO.Services.EmailAPI\MTOGO.Services.EmailAPI.csproj", "{75D0DF96-18B4-4CCC-8B9A-4CF91D37C582}"
EndProject
Project("{9A19103F-16F7-4668-BE54-9A1E7A4F7556}") = "MTOGO.Services.SmsAPI", "MTOGO.Services.SmsAPI\MTOGO.Services.SmsAPI.csproj", "{6843C354-CAC5-482C-A0D9-0C837EAD7F82}"
EndProject
Project("{9A19103F-16F7-4668-BE54-9A1E7A4F7556}") = "MTOGO.Services.AuthAPI", "MTOGO.Services.AuthAPI\MTOGO.Services.AuthAPI.csproj", "{50168B46-0B10-4A3E-A9A7-C948446725CE}"
EndProject
Project("{9A19103F-16F7-4668-BE54-9A1E7A4F7556}") = "MTOGO.Services.FeedbackAPI", "MTOGO.Services.FeedbackAPI\MTOGO.Services.FeedbackAPI.csproj", "{72DA9FE5-E75C-43F7-BAB8-895BE967AA74}"
EndProject
Project("{9A19103F-16F7-4668-BE54-9A1E7A4F7556}") = "MTOGO.Services.DashboardAPI", "MTOGO.Services.DashboardAPI\MTOGO.Services.DashboardAPI.csproj", "{18D62DCD-25A7-412C-BA29-D9F0F2FA071B}"
EndProject
Project("{9A19103F-16F7-4668-BE54-9A1E7A4F7556}") = "MTOGO.MessageBus", "MTOGO.MessageBus\MTOGO.MessageBus.csproj", "{6E34EB77-BD1F-433A-BC6F-6E23E66A3566}"
EndProject
Project("{9A19103F-16F7-4668-BE54-9A1E7A4F7556}") = "MTOGO.Web", "MTOGO.Web\MTOGO.Web.csproj", "{D731F66F-11DC-4862-932C-A7D3FA9EAF92}"
EndProject
Project("{2150E333-8FDC-42A3-9474-1A3956D46DE8}") = "Solution Items", "Solution Items", "{32A49C8F-D837-4063-913A-3D2ED5ECCD1C}"
	ProjectSection(SolutionItems) = preProject
		.gitattributes = .gitattributes
		.gitignore = .gitignore
	EndProjectSection
EndProject
Project("{9A19103F-16F7-4668-BE54-9A1E7A4F7556}") = "MTOGO.Services.DataAccess", "MTOGO.Services.DataAccess\MTOGO.Services.DataAccess.csproj", "{586AE036-BAB1-4D13-9ACC-665B22C88004}"
EndProject
Project("{FAE04EC0-301F-11D3-BF4B-00C04F79EFBC}") = "MTOGO.Services.ShoppingCartAPI", "MTOGO.Services.ShoppingCartAPI\MTOGO.Services.ShoppingCartAPI.csproj", "{391D1B21-1F50-45A1-A65A-B0D472AEC250}"
EndProject
Global
	GlobalSection(SolutionConfigurationPlatforms) = preSolution
		Debug|Any CPU = Debug|Any CPU
		Release|Any CPU = Release|Any CPU
	EndGlobalSection
	GlobalSection(ProjectConfigurationPlatforms) = postSolution
		{93F377D4-4971-489A-B4CA-7196638A2344}.Debug|Any CPU.ActiveCfg = Debug|Any CPU
		{93F377D4-4971-489A-B4CA-7196638A2344}.Debug|Any CPU.Build.0 = Debug|Any CPU
		{93F377D4-4971-489A-B4CA-7196638A2344}.Release|Any CPU.ActiveCfg = Release|Any CPU
		{93F377D4-4971-489A-B4CA-7196638A2344}.Release|Any CPU.Build.0 = Release|Any CPU
		{3D52AB4F-7C08-4249-8458-FC4BBADF51C7}.Debug|Any CPU.ActiveCfg = Debug|Any CPU
		{3D52AB4F-7C08-4249-8458-FC4BBADF51C7}.Debug|Any CPU.Build.0 = Debug|Any CPU
		{3D52AB4F-7C08-4249-8458-FC4BBADF51C7}.Release|Any CPU.ActiveCfg = Release|Any CPU
		{3D52AB4F-7C08-4249-8458-FC4BBADF51C7}.Release|Any CPU.Build.0 = Release|Any CPU
		{00DEA363-FC10-4F4A-AF71-559117E1E598}.Debug|Any CPU.ActiveCfg = Debug|Any CPU
		{00DEA363-FC10-4F4A-AF71-559117E1E598}.Debug|Any CPU.Build.0 = Debug|Any CPU
		{00DEA363-FC10-4F4A-AF71-559117E1E598}.Release|Any CPU.ActiveCfg = Release|Any CPU
		{00DEA363-FC10-4F4A-AF71-559117E1E598}.Release|Any CPU.Build.0 = Release|Any CPU
		{B959F9C2-5A07-48C1-A990-8FDAA16E564F}.Debug|Any CPU.ActiveCfg = Debug|Any CPU
		{B959F9C2-5A07-48C1-A990-8FDAA16E564F}.Debug|Any CPU.Build.0 = Debug|Any CPU
		{B959F9C2-5A07-48C1-A990-8FDAA16E564F}.Release|Any CPU.ActiveCfg = Release|Any CPU
		{B959F9C2-5A07-48C1-A990-8FDAA16E564F}.Release|Any CPU.Build.0 = Release|Any CPU
		{75D0DF96-18B4-4CCC-8B9A-4CF91D37C582}.Debug|Any CPU.ActiveCfg = Debug|Any CPU
		{75D0DF96-18B4-4CCC-8B9A-4CF91D37C582}.Debug|Any CPU.Build.0 = Debug|Any CPU
		{75D0DF96-18B4-4CCC-8B9A-4CF91D37C582}.Release|Any CPU.ActiveCfg = Release|Any CPU
		{75D0DF96-18B4-4CCC-8B9A-4CF91D37C582}.Release|Any CPU.Build.0 = Release|Any CPU
		{6843C354-CAC5-482C-A0D9-0C837EAD7F82}.Debug|Any CPU.ActiveCfg = Debug|Any CPU
		{6843C354-CAC5-482C-A0D9-0C837EAD7F82}.Debug|Any CPU.Build.0 = Debug|Any CPU
		{6843C354-CAC5-482C-A0D9-0C837EAD7F82}.Release|Any CPU.ActiveCfg = Release|Any CPU
		{6843C354-CAC5-482C-A0D9-0C837EAD7F82}.Release|Any CPU.Build.0 = Release|Any CPU
		{50168B46-0B10-4A3E-A9A7-C948446725CE}.Debug|Any CPU.ActiveCfg = Debug|Any CPU
		{50168B46-0B10-4A3E-A9A7-C948446725CE}.Debug|Any CPU.Build.0 = Debug|Any CPU
		{50168B46-0B10-4A3E-A9A7-C948446725CE}.Release|Any CPU.ActiveCfg = Release|Any CPU
		{50168B46-0B10-4A3E-A9A7-C948446725CE}.Release|Any CPU.Build.0 = Release|Any CPU
		{72DA9FE5-E75C-43F7-BAB8-895BE967AA74}.Debug|Any CPU.ActiveCfg = Debug|Any CPU
		{72DA9FE5-E75C-43F7-BAB8-895BE967AA74}.Debug|Any CPU.Build.0 = Debug|Any CPU
		{72DA9FE5-E75C-43F7-BAB8-895BE967AA74}.Release|Any CPU.ActiveCfg = Release|Any CPU
		{72DA9FE5-E75C-43F7-BAB8-895BE967AA74}.Release|Any CPU.Build.0 = Release|Any CPU
		{18D62DCD-25A7-412C-BA29-D9F0F2FA071B}.Debug|Any CPU.ActiveCfg = Debug|Any CPU
		{18D62DCD-25A7-412C-BA29-D9F0F2FA071B}.Debug|Any CPU.Build.0 = Debug|Any CPU
		{18D62DCD-25A7-412C-BA29-D9F0F2FA071B}.Release|Any CPU.ActiveCfg = Release|Any CPU
		{18D62DCD-25A7-412C-BA29-D9F0F2FA071B}.Release|Any CPU.Build.0 = Release|Any CPU
		{6E34EB77-BD1F-433A-BC6F-6E23E66A3566}.Debug|Any CPU.ActiveCfg = Debug|Any CPU
		{6E34EB77-BD1F-433A-BC6F-6E23E66A3566}.Debug|Any CPU.Build.0 = Debug|Any CPU
		{6E34EB77-BD1F-433A-BC6F-6E23E66A3566}.Release|Any CPU.ActiveCfg = Release|Any CPU
		{6E34EB77-BD1F-433A-BC6F-6E23E66A3566}.Release|Any CPU.Build.0 = Release|Any CPU
		{D731F66F-11DC-4862-932C-A7D3FA9EAF92}.Debug|Any CPU.ActiveCfg = Debug|Any CPU
		{D731F66F-11DC-4862-932C-A7D3FA9EAF92}.Debug|Any CPU.Build.0 = Debug|Any CPU
		{D731F66F-11DC-4862-932C-A7D3FA9EAF92}.Release|Any CPU.ActiveCfg = Release|Any CPU
		{D731F66F-11DC-4862-932C-A7D3FA9EAF92}.Release|Any CPU.Build.0 = Release|Any CPU
		{586AE036-BAB1-4D13-9ACC-665B22C88004}.Debug|Any CPU.ActiveCfg = Debug|Any CPU
		{586AE036-BAB1-4D13-9ACC-665B22C88004}.Debug|Any CPU.Build.0 = Debug|Any CPU
		{586AE036-BAB1-4D13-9ACC-665B22C88004}.Release|Any CPU.ActiveCfg = Release|Any CPU
		{586AE036-BAB1-4D13-9ACC-665B22C88004}.Release|Any CPU.Build.0 = Release|Any CPU
		{391D1B21-1F50-45A1-A65A-B0D472AEC250}.Debug|Any CPU.ActiveCfg = Debug|Any CPU
		{391D1B21-1F50-45A1-A65A-B0D472AEC250}.Debug|Any CPU.Build.0 = Debug|Any CPU
		{391D1B21-1F50-45A1-A65A-B0D472AEC250}.Release|Any CPU.ActiveCfg = Release|Any CPU
		{391D1B21-1F50-45A1-A65A-B0D472AEC250}.Release|Any CPU.Build.0 = Release|Any CPU
	EndGlobalSection
	GlobalSection(SolutionProperties) = preSolution
		HideSolutionNode = FALSE
	EndGlobalSection
	GlobalSection(NestedProjects) = preSolution
		{93F377D4-4971-489A-B4CA-7196638A2344} = {1F77EB96-E457-40EC-A310-8C5B128AE0D9}
		{3D52AB4F-7C08-4249-8458-FC4BBADF51C7} = {1F77EB96-E457-40EC-A310-8C5B128AE0D9}
		{00DEA363-FC10-4F4A-AF71-559117E1E598} = {1F77EB96-E457-40EC-A310-8C5B128AE0D9}
		{B959F9C2-5A07-48C1-A990-8FDAA16E564F} = {1F77EB96-E457-40EC-A310-8C5B128AE0D9}
		{75D0DF96-18B4-4CCC-8B9A-4CF91D37C582} = {1F77EB96-E457-40EC-A310-8C5B128AE0D9}
		{6843C354-CAC5-482C-A0D9-0C837EAD7F82} = {1F77EB96-E457-40EC-A310-8C5B128AE0D9}
		{50168B46-0B10-4A3E-A9A7-C948446725CE} = {1F77EB96-E457-40EC-A310-8C5B128AE0D9}
		{72DA9FE5-E75C-43F7-BAB8-895BE967AA74} = {1F77EB96-E457-40EC-A310-8C5B128AE0D9}
		{18D62DCD-25A7-412C-BA29-D9F0F2FA071B} = {1F77EB96-E457-40EC-A310-8C5B128AE0D9}
		{6E34EB77-BD1F-433A-BC6F-6E23E66A3566} = {DB3D525E-4856-4615-B0F1-BDB5F52DD5BD}
		{D731F66F-11DC-4862-932C-A7D3FA9EAF92} = {0ECFCDE4-7D20-42A3-98B2-749347222E93}
		{586AE036-BAB1-4D13-9ACC-665B22C88004} = {1F77EB96-E457-40EC-A310-8C5B128AE0D9}
		{391D1B21-1F50-45A1-A65A-B0D472AEC250} = {1F77EB96-E457-40EC-A310-8C5B128AE0D9}
	EndGlobalSection
	GlobalSection(ExtensibilityGlobals) = postSolution
		SolutionGuid = {86DA12C8-D3F4-49DF-ADC8-AB32F3B5125D}
	EndGlobalSection
EndGlobal
